// !$*UTF8*$!
{
	archiveVersion = 1;
	classes = {
	};
	objectVersion = 56;
	objects = {

/* Begin PBXBuildFile section */
		21DCD2202A83BA3800F55FC8 /* personalChallengeApp.swift in Sources */ = {isa = PBXBuildFile; fileRef = 21DCD21F2A83BA3800F55FC8 /* personalChallengeApp.swift */; };
		21DCD2222A83BA3800F55FC8 /* ContentView.swift in Sources */ = {isa = PBXBuildFile; fileRef = 21DCD2212A83BA3800F55FC8 /* ContentView.swift */; };
		21DCD2242A83BA3A00F55FC8 /* Assets.xcassets in Resources */ = {isa = PBXBuildFile; fileRef = 21DCD2232A83BA3A00F55FC8 /* Assets.xcassets */; };
		21DCD2272A83BA3A00F55FC8 /* Preview Assets.xcassets in Resources */ = {isa = PBXBuildFile; fileRef = 21DCD2262A83BA3A00F55FC8 /* Preview Assets.xcassets */; };
		21DCD2472A85E7B500F55FC8 /* SettingView.swift in Sources */ = {isa = PBXBuildFile; fileRef = 21DCD2462A85E7B400F55FC8 /* SettingView.swift */; };
		21DCD2492A85E80A00F55FC8 /* ModeSoal.swift in Sources */ = {isa = PBXBuildFile; fileRef = 21DCD2482A85E80A00F55FC8 /* ModeSoal.swift */; };
		21DCD24B2A85E8EC00F55FC8 /* GenerateSoal.swift in Sources */ = {isa = PBXBuildFile; fileRef = 21DCD24A2A85E8EC00F55FC8 /* GenerateSoal.swift */; };
		21DCD24D2A85E98100F55FC8 /* SettingModel.swift in Sources */ = {isa = PBXBuildFile; fileRef = 21DCD24C2A85E98100F55FC8 /* SettingModel.swift */; };
		21DCD24F2A85EC5E00F55FC8 /* GenerateOperand.swift in Sources */ = {isa = PBXBuildFile; fileRef = 21DCD24E2A85EC5E00F55FC8 /* GenerateOperand.swift */; };
		21DCD2512A85EC7E00F55FC8 /* GenerateFraction.swift in Sources */ = {isa = PBXBuildFile; fileRef = 21DCD2502A85EC7E00F55FC8 /* GenerateFraction.swift */; };
		21DCD2532A85ED5600F55FC8 /* GenerateStory.swift in Sources */ = {isa = PBXBuildFile; fileRef = 21DCD2522A85ED5600F55FC8 /* GenerateStory.swift */; };
		21DCD2552A85ED9300F55FC8 /* GenerateSolutionStep.swift in Sources */ = {isa = PBXBuildFile; fileRef = 21DCD2542A85ED9300F55FC8 /* GenerateSolutionStep.swift */; };
		21DCD2572A85EDD000F55FC8 /* GetFPB.swift in Sources */ = {isa = PBXBuildFile; fileRef = 21DCD2562A85EDD000F55FC8 /* GetFPB.swift */; };
		21DCD2592A85EDEC00F55FC8 /* GetKPK.swift in Sources */ = {isa = PBXBuildFile; fileRef = 21DCD2582A85EDEC00F55FC8 /* GetKPK.swift */; };
		21DCD25B2A85EE2B00F55FC8 /* SortFraction.swift in Sources */ = {isa = PBXBuildFile; fileRef = 21DCD25A2A85EE2B00F55FC8 /* SortFraction.swift */; };
		21DCD25D2A85EE9500F55FC8 /* ConvertDecimalToFraction.swift in Sources */ = {isa = PBXBuildFile; fileRef = 21DCD25C2A85EE9500F55FC8 /* ConvertDecimalToFraction.swift */; };
		21DCD25F2A85EF0E00F55FC8 /* CheckAnswer.swift in Sources */ = {isa = PBXBuildFile; fileRef = 21DCD25E2A85EF0E00F55FC8 /* CheckAnswer.swift */; };
		21DCD2612A891C9C00F55FC8 /* JawabanModel.swift in Sources */ = {isa = PBXBuildFile; fileRef = 21DCD2602A891C9C00F55FC8 /* JawabanModel.swift */; };
		21DCD2632A891CB200F55FC8 /* QuestionTypeModel.swift in Sources */ = {isa = PBXBuildFile; fileRef = 21DCD2622A891CB200F55FC8 /* QuestionTypeModel.swift */; };
		21DCD2652A891DB000F55FC8 /* SoalPecahanView.swift in Sources */ = {isa = PBXBuildFile; fileRef = 21DCD2642A891DB000F55FC8 /* SoalPecahanView.swift */; };
/* End PBXBuildFile section */

/* Begin PBXFileReference section */
		21DCD21C2A83BA3800F55FC8 /* personalChallenge.app */ = {isa = PBXFileReference; explicitFileType = wrapper.application; includeInIndex = 0; path = personalChallenge.app; sourceTree = BUILT_PRODUCTS_DIR; };
		21DCD21F2A83BA3800F55FC8 /* personalChallengeApp.swift */ = {isa = PBXFileReference; lastKnownFileType = sourcecode.swift; path = personalChallengeApp.swift; sourceTree = "<group>"; };
		21DCD2212A83BA3800F55FC8 /* ContentView.swift */ = {isa = PBXFileReference; lastKnownFileType = sourcecode.swift; path = ContentView.swift; sourceTree = "<group>"; };
		21DCD2232A83BA3A00F55FC8 /* Assets.xcassets */ = {isa = PBXFileReference; lastKnownFileType = folder.assetcatalog; path = Assets.xcassets; sourceTree = "<group>"; };
		21DCD2262A83BA3A00F55FC8 /* Preview Assets.xcassets */ = {isa = PBXFileReference; lastKnownFileType = folder.assetcatalog; path = "Preview Assets.xcassets"; sourceTree = "<group>"; };
		21DCD2462A85E7B400F55FC8 /* SettingView.swift */ = {isa = PBXFileReference; lastKnownFileType = sourcecode.swift; path = SettingView.swift; sourceTree = "<group>"; };
		21DCD2482A85E80A00F55FC8 /* ModeSoal.swift */ = {isa = PBXFileReference; lastKnownFileType = sourcecode.swift; path = ModeSoal.swift; sourceTree = "<group>"; };
		21DCD24A2A85E8EC00F55FC8 /* GenerateSoal.swift */ = {isa = PBXFileReference; lastKnownFileType = sourcecode.swift; path = GenerateSoal.swift; sourceTree = "<group>"; };
		21DCD24C2A85E98100F55FC8 /* SettingModel.swift */ = {isa = PBXFileReference; lastKnownFileType = sourcecode.swift; path = SettingModel.swift; sourceTree = "<group>"; };
		21DCD24E2A85EC5E00F55FC8 /* GenerateOperand.swift */ = {isa = PBXFileReference; lastKnownFileType = sourcecode.swift; path = GenerateOperand.swift; sourceTree = "<group>"; };
		21DCD2502A85EC7E00F55FC8 /* GenerateFraction.swift */ = {isa = PBXFileReference; lastKnownFileType = sourcecode.swift; path = GenerateFraction.swift; sourceTree = "<group>"; };
		21DCD2522A85ED5600F55FC8 /* GenerateStory.swift */ = {isa = PBXFileReference; lastKnownFileType = sourcecode.swift; path = GenerateStory.swift; sourceTree = "<group>"; };
		21DCD2542A85ED9300F55FC8 /* GenerateSolutionStep.swift */ = {isa = PBXFileReference; lastKnownFileType = sourcecode.swift; path = GenerateSolutionStep.swift; sourceTree = "<group>"; };
		21DCD2562A85EDD000F55FC8 /* GetFPB.swift */ = {isa = PBXFileReference; lastKnownFileType = sourcecode.swift; path = GetFPB.swift; sourceTree = "<group>"; };
		21DCD2582A85EDEC00F55FC8 /* GetKPK.swift */ = {isa = PBXFileReference; lastKnownFileType = sourcecode.swift; path = GetKPK.swift; sourceTree = "<group>"; };
		21DCD25A2A85EE2B00F55FC8 /* SortFraction.swift */ = {isa = PBXFileReference; lastKnownFileType = sourcecode.swift; path = SortFraction.swift; sourceTree = "<group>"; };
		21DCD25C2A85EE9500F55FC8 /* ConvertDecimalToFraction.swift */ = {isa = PBXFileReference; lastKnownFileType = sourcecode.swift; path = ConvertDecimalToFraction.swift; sourceTree = "<group>"; };
		21DCD25E2A85EF0E00F55FC8 /* CheckAnswer.swift */ = {isa = PBXFileReference; lastKnownFileType = sourcecode.swift; path = CheckAnswer.swift; sourceTree = "<group>"; };
		21DCD2602A891C9C00F55FC8 /* JawabanModel.swift */ = {isa = PBXFileReference; lastKnownFileType = sourcecode.swift; path = JawabanModel.swift; sourceTree = "<group>"; };
		21DCD2622A891CB200F55FC8 /* QuestionTypeModel.swift */ = {isa = PBXFileReference; lastKnownFileType = sourcecode.swift; path = QuestionTypeModel.swift; sourceTree = "<group>"; };
		21DCD2642A891DB000F55FC8 /* SoalPecahanView.swift */ = {isa = PBXFileReference; lastKnownFileType = sourcecode.swift; path = SoalPecahanView.swift; sourceTree = "<group>"; };
/* End PBXFileReference section */

/* Begin PBXFrameworksBuildPhase section */
		21DCD2192A83BA3800F55FC8 /* Frameworks */ = {
			isa = PBXFrameworksBuildPhase;
			buildActionMask = 2147483647;
			files = (
			);
			runOnlyForDeploymentPostprocessing = 0;
		};
/* End PBXFrameworksBuildPhase section */

/* Begin PBXGroup section */
		21DCD2132A83BA3800F55FC8 = {
			isa = PBXGroup;
			children = (
				21DCD21E2A83BA3800F55FC8 /* personalChallenge */,
				21DCD21D2A83BA3800F55FC8 /* Products */,
			);
			sourceTree = "<group>";
		};
		21DCD21D2A83BA3800F55FC8 /* Products */ = {
			isa = PBXGroup;
			children = (
				21DCD21C2A83BA3800F55FC8 /* personalChallenge.app */,
			);
			name = Products;
			sourceTree = "<group>";
		};
		21DCD21E2A83BA3800F55FC8 /* personalChallenge */ = {
			isa = PBXGroup;
			children = (
				21DCD22F2A83BA7700F55FC8 /* ViewModel */,
				21DCD22E2A83BA6B00F55FC8 /* View */,
				21DCD22D2A83BA6000F55FC8 /* Model */,
				21DCD21F2A83BA3800F55FC8 /* personalChallengeApp.swift */,
				21DCD2212A83BA3800F55FC8 /* ContentView.swift */,
				21DCD2232A83BA3A00F55FC8 /* Assets.xcassets */,
				21DCD2252A83BA3A00F55FC8 /* Preview Content */,
			);
			path = personalChallenge;
			sourceTree = "<group>";
		};
		21DCD2252A83BA3A00F55FC8 /* Preview Content */ = {
			isa = PBXGroup;
			children = (
				21DCD2262A83BA3A00F55FC8 /* Preview Assets.xcassets */,
			);
			path = "Preview Content";
			sourceTree = "<group>";
		};
		21DCD22D2A83BA6000F55FC8 /* Model */ = {
			isa = PBXGroup;
			children = (
				21DCD24C2A85E98100F55FC8 /* SettingModel.swift */,
				21DCD2602A891C9C00F55FC8 /* JawabanModel.swift */,
				21DCD2622A891CB200F55FC8 /* QuestionTypeModel.swift */,
			);
			path = Model;
			sourceTree = "<group>";
		};
		21DCD22E2A83BA6B00F55FC8 /* View */ = {
			isa = PBXGroup;
			children = (
				21DCD2462A85E7B400F55FC8 /* SettingView.swift */,
				21DCD2482A85E80A00F55FC8 /* ModeSoal.swift */,
				21DCD2642A891DB000F55FC8 /* SoalPecahanView.swift */,
			);
			path = View;
			sourceTree = "<group>";
		};
		21DCD22F2A83BA7700F55FC8 /* ViewModel */ = {
			isa = PBXGroup;
			children = (
				21DCD24A2A85E8EC00F55FC8 /* GenerateSoal.swift */,
				21DCD24E2A85EC5E00F55FC8 /* GenerateOperand.swift */,
				21DCD2502A85EC7E00F55FC8 /* GenerateFraction.swift */,
				21DCD2522A85ED5600F55FC8 /* GenerateStory.swift */,
				21DCD2542A85ED9300F55FC8 /* GenerateSolutionStep.swift */,
				21DCD2562A85EDD000F55FC8 /* GetFPB.swift */,
				21DCD2582A85EDEC00F55FC8 /* GetKPK.swift */,
				21DCD25A2A85EE2B00F55FC8 /* SortFraction.swift */,
				21DCD25C2A85EE9500F55FC8 /* ConvertDecimalToFraction.swift */,
				21DCD25E2A85EF0E00F55FC8 /* CheckAnswer.swift */,
			);
			path = ViewModel;
			sourceTree = "<group>";
		};
/* End PBXGroup section */

/* Begin PBXNativeTarget section */
		21DCD21B2A83BA3800F55FC8 /* personalChallenge */ = {
			isa = PBXNativeTarget;
			buildConfigurationList = 21DCD22A2A83BA3A00F55FC8 /* Build configuration list for PBXNativeTarget "personalChallenge" */;
			buildPhases = (
				21DCD2182A83BA3800F55FC8 /* Sources */,
				21DCD2192A83BA3800F55FC8 /* Frameworks */,
				21DCD21A2A83BA3800F55FC8 /* Resources */,
			);
			buildRules = (
			);
			dependencies = (
			);
			name = personalChallenge;
			productName = personalChallenge;
			productReference = 21DCD21C2A83BA3800F55FC8 /* personalChallenge.app */;
			productType = "com.apple.product-type.application";
		};
/* End PBXNativeTarget section */

/* Begin PBXProject section */
		21DCD2142A83BA3800F55FC8 /* Project object */ = {
			isa = PBXProject;
			attributes = {
				BuildIndependentTargetsInParallel = 1;
				LastSwiftUpdateCheck = 1430;
				LastUpgradeCheck = 1430;
				TargetAttributes = {
					21DCD21B2A83BA3800F55FC8 = {
						CreatedOnToolsVersion = 14.3.1;
					};
				};
			};
			buildConfigurationList = 21DCD2172A83BA3800F55FC8 /* Build configuration list for PBXProject "personalChallenge" */;
			compatibilityVersion = "Xcode 14.0";
			developmentRegion = en;
			hasScannedForEncodings = 0;
			knownRegions = (
				en,
				Base,
			);
			mainGroup = 21DCD2132A83BA3800F55FC8;
			productRefGroup = 21DCD21D2A83BA3800F55FC8 /* Products */;
			projectDirPath = "";
			projectRoot = "";
			targets = (
				21DCD21B2A83BA3800F55FC8 /* personalChallenge */,
			);
		};
/* End PBXProject section */

/* Begin PBXResourcesBuildPhase section */
		21DCD21A2A83BA3800F55FC8 /* Resources */ = {
			isa = PBXResourcesBuildPhase;
			buildActionMask = 2147483647;
			files = (
				21DCD2272A83BA3A00F55FC8 /* Preview Assets.xcassets in Resources */,
				21DCD2242A83BA3A00F55FC8 /* Assets.xcassets in Resources */,
			);
			runOnlyForDeploymentPostprocessing = 0;
		};
/* End PBXResourcesBuildPhase section */

/* Begin PBXSourcesBuildPhase section */
		21DCD2182A83BA3800F55FC8 /* Sources */ = {
			isa = PBXSourcesBuildPhase;
			buildActionMask = 2147483647;
			files = (
				21DCD24B2A85E8EC00F55FC8 /* GenerateSoal.swift in Sources */,
				21DCD2472A85E7B500F55FC8 /* SettingView.swift in Sources */,
				21DCD2612A891C9C00F55FC8 /* JawabanModel.swift in Sources */,
				21DCD25B2A85EE2B00F55FC8 /* SortFraction.swift in Sources */,
				21DCD2572A85EDD000F55FC8 /* GetFPB.swift in Sources */,
				21DCD25D2A85EE9500F55FC8 /* ConvertDecimalToFraction.swift in Sources */,
				21DCD2512A85EC7E00F55FC8 /* GenerateFraction.swift in Sources */,
				21DCD2632A891CB200F55FC8 /* QuestionTypeModel.swift in Sources */,
				21DCD2532A85ED5600F55FC8 /* GenerateStory.swift in Sources */,
				21DCD24F2A85EC5E00F55FC8 /* GenerateOperand.swift in Sources */,
				21DCD24D2A85E98100F55FC8 /* SettingModel.swift in Sources */,
				21DCD2492A85E80A00F55FC8 /* ModeSoal.swift in Sources */,
				21DCD2652A891DB000F55FC8 /* SoalPecahanView.swift in Sources */,
				21DCD2552A85ED9300F55FC8 /* GenerateSolutionStep.swift in Sources */,
				21DCD2592A85EDEC00F55FC8 /* GetKPK.swift in Sources */,
				21DCD2222A83BA3800F55FC8 /* ContentView.swift in Sources */,
				21DCD2202A83BA3800F55FC8 /* personalChallengeApp.swift in Sources */,
				21DCD25F2A85EF0E00F55FC8 /* CheckAnswer.swift in Sources */,
			);
			runOnlyForDeploymentPostprocessing = 0;
		};
/* End PBXSourcesBuildPhase section */

/* Begin XCBuildConfiguration section */
		21DCD2282A83BA3A00F55FC8 /* Debug */ = {
			isa = XCBuildConfiguration;
			buildSettings = {
				ALWAYS_SEARCH_USER_PATHS = NO;
				CLANG_ANALYZER_NONNULL = YES;
				CLANG_ANALYZER_NUMBER_OBJECT_CONVERSION = YES_AGGRESSIVE;
				CLANG_CXX_LANGUAGE_STANDARD = "gnu++20";
				CLANG_ENABLE_MODULES = YES;
				CLANG_ENABLE_OBJC_ARC = YES;
				CLANG_ENABLE_OBJC_WEAK = YES;
				CLANG_WARN_BLOCK_CAPTURE_AUTORELEASING = YES;
				CLANG_WARN_BOOL_CONVERSION = YES;
				CLANG_WARN_COMMA = YES;
				CLANG_WARN_CONSTANT_CONVERSION = YES;
				CLANG_WARN_DEPRECATED_OBJC_IMPLEMENTATIONS = YES;
				CLANG_WARN_DIRECT_OBJC_ISA_USAGE = YES_ERROR;
				CLANG_WARN_DOCUMENTATION_COMMENTS = YES;
				CLANG_WARN_EMPTY_BODY = YES;
				CLANG_WARN_ENUM_CONVERSION = YES;
				CLANG_WARN_INFINITE_RECURSION = YES;
				CLANG_WARN_INT_CONVERSION = YES;
				CLANG_WARN_NON_LITERAL_NULL_CONVERSION = YES;
				CLANG_WARN_OBJC_IMPLICIT_RETAIN_SELF = YES;
				CLANG_WARN_OBJC_LITERAL_CONVERSION = YES;
				CLANG_WARN_OBJC_ROOT_CLASS = YES_ERROR;
				CLANG_WARN_QUOTED_INCLUDE_IN_FRAMEWORK_HEADER = YES;
				CLANG_WARN_RANGE_LOOP_ANALYSIS = YES;
				CLANG_WARN_STRICT_PROTOTYPES = YES;
				CLANG_WARN_SUSPICIOUS_MOVE = YES;
				CLANG_WARN_UNGUARDED_AVAILABILITY = YES_AGGRESSIVE;
				CLANG_WARN_UNREACHABLE_CODE = YES;
				CLANG_WARN__DUPLICATE_METHOD_MATCH = YES;
				COPY_PHASE_STRIP = NO;
				DEBUG_INFORMATION_FORMAT = dwarf;
				ENABLE_STRICT_OBJC_MSGSEND = YES;
				ENABLE_TESTABILITY = YES;
				GCC_C_LANGUAGE_STANDARD = gnu11;
				GCC_DYNAMIC_NO_PIC = NO;
				GCC_NO_COMMON_BLOCKS = YES;
				GCC_OPTIMIZATION_LEVEL = 0;
				GCC_PREPROCESSOR_DEFINITIONS = (
					"DEBUG=1",
					"$(inherited)",
				);
				GCC_WARN_64_TO_32_BIT_CONVERSION = YES;
				GCC_WARN_ABOUT_RETURN_TYPE = YES_ERROR;
				GCC_WARN_UNDECLARED_SELECTOR = YES;
				GCC_WARN_UNINITIALIZED_AUTOS = YES_AGGRESSIVE;
				GCC_WARN_UNUSED_FUNCTION = YES;
				GCC_WARN_UNUSED_VARIABLE = YES;
				IPHONEOS_DEPLOYMENT_TARGET = 16.4;
				MTL_ENABLE_DEBUG_INFO = INCLUDE_SOURCE;
				MTL_FAST_MATH = YES;
				ONLY_ACTIVE_ARCH = YES;
				SDKROOT = iphoneos;
				SWIFT_ACTIVE_COMPILATION_CONDITIONS = DEBUG;
				SWIFT_OPTIMIZATION_LEVEL = "-Onone";
			};
			name = Debug;
		};
		21DCD2292A83BA3A00F55FC8 /* Release */ = {
			isa = XCBuildConfiguration;
			buildSettings = {
				ALWAYS_SEARCH_USER_PATHS = NO;
				CLANG_ANALYZER_NONNULL = YES;
				CLANG_ANALYZER_NUMBER_OBJECT_CONVERSION = YES_AGGRESSIVE;
				CLANG_CXX_LANGUAGE_STANDARD = "gnu++20";
				CLANG_ENABLE_MODULES = YES;
				CLANG_ENABLE_OBJC_ARC = YES;
				CLANG_ENABLE_OBJC_WEAK = YES;
				CLANG_WARN_BLOCK_CAPTURE_AUTORELEASING = YES;
				CLANG_WARN_BOOL_CONVERSION = YES;
				CLANG_WARN_COMMA = YES;
				CLANG_WARN_CONSTANT_CONVERSION = YES;
				CLANG_WARN_DEPRECATED_OBJC_IMPLEMENTATIONS = YES;
				CLANG_WARN_DIRECT_OBJC_ISA_USAGE = YES_ERROR;
				CLANG_WARN_DOCUMENTATION_COMMENTS = YES;
				CLANG_WARN_EMPTY_BODY = YES;
				CLANG_WARN_ENUM_CONVERSION = YES;
				CLANG_WARN_INFINITE_RECURSION = YES;
				CLANG_WARN_INT_CONVERSION = YES;
				CLANG_WARN_NON_LITERAL_NULL_CONVERSION = YES;
				CLANG_WARN_OBJC_IMPLICIT_RETAIN_SELF = YES;
				CLANG_WARN_OBJC_LITERAL_CONVERSION = YES;
				CLANG_WARN_OBJC_ROOT_CLASS = YES_ERROR;
				CLANG_WARN_QUOTED_INCLUDE_IN_FRAMEWORK_HEADER = YES;
				CLANG_WARN_RANGE_LOOP_ANALYSIS = YES;
				CLANG_WARN_STRICT_PROTOTYPES = YES;
				CLANG_WARN_SUSPICIOUS_MOVE = YES;
				CLANG_WARN_UNGUARDED_AVAILABILITY = YES_AGGRESSIVE;
				CLANG_WARN_UNREACHABLE_CODE = YES;
				CLANG_WARN__DUPLICATE_METHOD_MATCH = YES;
				COPY_PHASE_STRIP = NO;
				DEBUG_INFORMATION_FORMAT = "dwarf-with-dsym";
				ENABLE_NS_ASSERTIONS = NO;
				ENABLE_STRICT_OBJC_MSGSEND = YES;
				GCC_C_LANGUAGE_STANDARD = gnu11;
				GCC_NO_COMMON_BLOCKS = YES;
				GCC_WARN_64_TO_32_BIT_CONVERSION = YES;
				GCC_WARN_ABOUT_RETURN_TYPE = YES_ERROR;
				GCC_WARN_UNDECLARED_SELECTOR = YES;
				GCC_WARN_UNINITIALIZED_AUTOS = YES_AGGRESSIVE;
				GCC_WARN_UNUSED_FUNCTION = YES;
				GCC_WARN_UNUSED_VARIABLE = YES;
				IPHONEOS_DEPLOYMENT_TARGET = 16.4;
				MTL_ENABLE_DEBUG_INFO = NO;
				MTL_FAST_MATH = YES;
				SDKROOT = iphoneos;
				SWIFT_COMPILATION_MODE = wholemodule;
				SWIFT_OPTIMIZATION_LEVEL = "-O";
				VALIDATE_PRODUCT = YES;
			};
			name = Release;
		};
		21DCD22B2A83BA3A00F55FC8 /* Debug */ = {
			isa = XCBuildConfiguration;
			buildSettings = {
				ASSETCATALOG_COMPILER_APPICON_NAME = AppIcon;
				ASSETCATALOG_COMPILER_GLOBAL_ACCENT_COLOR_NAME = AccentColor;
				CODE_SIGN_STYLE = Automatic;
				CURRENT_PROJECT_VERSION = 1;
				DEVELOPMENT_ASSET_PATHS = "\"personalChallenge/Preview Content\"";
				ENABLE_PREVIEWS = YES;
				GENERATE_INFOPLIST_FILE = YES;
				INFOPLIST_KEY_UIApplicationSceneManifest_Generation = YES;
				INFOPLIST_KEY_UIApplicationSupportsIndirectInputEvents = YES;
				INFOPLIST_KEY_UILaunchScreen_Generation = YES;
				INFOPLIST_KEY_UISupportedInterfaceOrientations_iPad = "UIInterfaceOrientationPortrait UIInterfaceOrientationPortraitUpsideDown UIInterfaceOrientationLandscapeLeft UIInterfaceOrientationLandscapeRight";
				INFOPLIST_KEY_UISupportedInterfaceOrientations_iPhone = "UIInterfaceOrientationPortrait UIInterfaceOrientationLandscapeLeft UIInterfaceOrientationLandscapeRight";
				LD_RUNPATH_SEARCH_PATHS = (
					"$(inherited)",
					"@executable_path/Frameworks",
				);
				MARKETING_VERSION = 1.0;
				PRODUCT_BUNDLE_IDENTIFIER = ami.personalChallenge;
				PRODUCT_NAME = "$(TARGET_NAME)";
				SWIFT_EMIT_LOC_STRINGS = YES;
				SWIFT_VERSION = 5.0;
				TARGETED_DEVICE_FAMILY = "1,2";
			};
			name = Debug;
		};
		21DCD22C2A83BA3A00F55FC8 /* Release */ = {
			isa = XCBuildConfiguration;
			buildSettings = {
				ASSETCATALOG_COMPILER_APPICON_NAME = AppIcon;
				ASSETCATALOG_COMPILER_GLOBAL_ACCENT_COLOR_NAME = AccentColor;
				CODE_SIGN_STYLE = Automatic;
				CURRENT_PROJECT_VERSION = 1;
				DEVELOPMENT_ASSET_PATHS = "\"personalChallenge/Preview Content\"";
				ENABLE_PREVIEWS = YES;
				GENERATE_INFOPLIST_FILE = YES;
				INFOPLIST_KEY_UIApplicationSceneManifest_Generation = YES;
				INFOPLIST_KEY_UIApplicationSupportsIndirectInputEvents = YES;
				INFOPLIST_KEY_UILaunchScreen_Generation = YES;
				INFOPLIST_KEY_UISupportedInterfaceOrientations_iPad = "UIInterfaceOrientationPortrait UIInterfaceOrientationPortraitUpsideDown UIInterfaceOrientationLandscapeLeft UIInterfaceOrientationLandscapeRight";
				INFOPLIST_KEY_UISupportedInterfaceOrientations_iPhone = "UIInterfaceOrientationPortrait UIInterfaceOrientationLandscapeLeft UIInterfaceOrientationLandscapeRight";
				LD_RUNPATH_SEARCH_PATHS = (
					"$(inherited)",
					"@executable_path/Frameworks",
				);
				MARKETING_VERSION = 1.0;
				PRODUCT_BUNDLE_IDENTIFIER = ami.personalChallenge;
				PRODUCT_NAME = "$(TARGET_NAME)";
				SWIFT_EMIT_LOC_STRINGS = YES;
				SWIFT_VERSION = 5.0;
				TARGETED_DEVICE_FAMILY = "1,2";
			};
			name = Release;
		};
/* End XCBuildConfiguration section */

/* Begin XCConfigurationList section */
		21DCD2172A83BA3800F55FC8 /* Build configuration list for PBXProject "personalChallenge" */ = {
			isa = XCConfigurationList;
			buildConfigurations = (
				21DCD2282A83BA3A00F55FC8 /* Debug */,
				21DCD2292A83BA3A00F55FC8 /* Release */,
			);
			defaultConfigurationIsVisible = 0;
			defaultConfigurationName = Release;
		};
		21DCD22A2A83BA3A00F55FC8 /* Build configuration list for PBXNativeTarget "personalChallenge" */ = {
			isa = XCConfigurationList;
			buildConfigurations = (
				21DCD22B2A83BA3A00F55FC8 /* Debug */,
				21DCD22C2A83BA3A00F55FC8 /* Release */,
			);
			defaultConfigurationIsVisible = 0;
			defaultConfigurationName = Release;
		};
/* End XCConfigurationList section */
	};
	rootObject = 21DCD2142A83BA3800F55FC8 /* Project object */;
}
